
Microsoft Visual Studio Solution File, Format Version 12.00
# Visual Studio Version 17
VisualStudioVersion = 17.5.002.0
MinimumVisualStudioVersion = 10.0.40219.1
Project("{9A19103F-16F7-4668-BE54-9A1E7A4F7556}") = "CustomKey", "CustomKey.csproj", "{91D66F77-02F2-4592-B5BA-B460D591AD66}"
EndProject
Global
	GlobalSection(SolutionConfigurationPlatforms) = preSolution
		Debug|Any CPU = Debug|Any CPU
		Release|Any CPU = Release|Any CPU
	EndGlobalSection
	GlobalSection(ProjectConfigurationPlatforms) = postSolution
		{91D66F77-02F2-4592-B5BA-B460D591AD66}.Debug|Any CPU.ActiveCfg = Debug|Any CPU
		{91D66F77-02F2-4592-B5BA-B460D591AD66}.Debug|Any CPU.Build.0 = Debug|Any CPU
		{91D66F77-02F2-4592-B5BA-B460D591AD66}.Release|Any CPU.ActiveCfg = Release|Any CPU
		{91D66F77-02F2-4592-B5BA-B460D591AD66}.Release|Any CPU.Build.0 = Release|Any CPU
	EndGlobalSection
	GlobalSection(SolutionProperties) = preSolution
		HideSolutionNode = FALSE
	EndGlobalSection
	GlobalSection(ExtensibilityGlobals) = postSolution
		SolutionGuid = {8CA830EB-BC68-482F-97BC-2052C6A75E41}
	EndGlobalSection
EndGlobal
